
Microsoft Visual Studio Solution File, Format Version 12.00
# Visual Studio Version 17
VisualStudioVersion = 17.11.35222.181
MinimumVisualStudioVersion = 10.0.40219.1
Project("{9A19103F-16F7-4668-BE54-9A1E7A4F7556}") = "HRMS.Web", "HRMS.Web\HRMS.Web.csproj", "{00C02C3F-D966-4412-8F60-4EB7F8BB9A6D}"
EndProject
Project("{FAE04EC0-301F-11D3-BF4B-00C04F79EFBC}") = "HRMS.UnitTests", "HRMS.UnitTests\HRMS.UnitTests.csproj", "{1124399D-447C-431F-B635-AF6017E7561D}"
EndProject
Project("{FAE04EC0-301F-11D3-BF4B-00C04F79EFBC}") = "HRMS.WebAPIs", "HRMS.WebAPIs\HRMS.WebAPIs.csproj", "{D50AA2C5-6359-46A6-B665-D9936ECCEF4A}"
EndProject
Project("{FAE04EC0-301F-11D3-BF4B-00C04F79EFBC}") = "HRMS.Services", "HRMS.Services\HRMS.Services.csproj", "{4FE3A7C6-C39D-4A54-9CCB-BFECC41EA301}"
EndProject
Project("{FAE04EC0-301F-11D3-BF4B-00C04F79EFBC}") = "HRMS.Repositories", "HRMS.Repositories\HRMS.Repositories.csproj", "{13AB0850-FFED-434E-894E-9B5AB18C07A2}"
EndProject
Project("{FAE04EC0-301F-11D3-BF4B-00C04F79EFBC}") = "HRMS.UnitOfWorks", "HRMS.UnitOfWorks\HRMS.UnitOfWorks.csproj", "{5A4FB1D9-0905-4C5B-861B-6264C8E67F9E}"
EndProject
Project("{FAE04EC0-301F-11D3-BF4B-00C04F79EFBC}") = "HRMS.Domain", "HRMS.Domain\HRMS.Domain.csproj", "{61D015D8-008F-4508-8263-6C7FC32F1338}"
EndProject
Global
	GlobalSection(SolutionConfigurationPlatforms) = preSolution
		Debug|Any CPU = Debug|Any CPU
		Release|Any CPU = Release|Any CPU
	EndGlobalSection
	GlobalSection(ProjectConfigurationPlatforms) = postSolution
		{00C02C3F-D966-4412-8F60-4EB7F8BB9A6D}.Debug|Any CPU.ActiveCfg = Debug|Any CPU
		{00C02C3F-D966-4412-8F60-4EB7F8BB9A6D}.Debug|Any CPU.Build.0 = Debug|Any CPU
		{00C02C3F-D966-4412-8F60-4EB7F8BB9A6D}.Release|Any CPU.ActiveCfg = Release|Any CPU
		{00C02C3F-D966-4412-8F60-4EB7F8BB9A6D}.Release|Any CPU.Build.0 = Release|Any CPU
		{1124399D-447C-431F-B635-AF6017E7561D}.Debug|Any CPU.ActiveCfg = Debug|Any CPU
		{1124399D-447C-431F-B635-AF6017E7561D}.Debug|Any CPU.Build.0 = Debug|Any CPU
		{1124399D-447C-431F-B635-AF6017E7561D}.Release|Any CPU.ActiveCfg = Release|Any CPU
		{1124399D-447C-431F-B635-AF6017E7561D}.Release|Any CPU.Build.0 = Release|Any CPU
		{D50AA2C5-6359-46A6-B665-D9936ECCEF4A}.Debug|Any CPU.ActiveCfg = Debug|Any CPU
		{D50AA2C5-6359-46A6-B665-D9936ECCEF4A}.Debug|Any CPU.Build.0 = Debug|Any CPU
		{D50AA2C5-6359-46A6-B665-D9936ECCEF4A}.Release|Any CPU.ActiveCfg = Release|Any CPU
		{D50AA2C5-6359-46A6-B665-D9936ECCEF4A}.Release|Any CPU.Build.0 = Release|Any CPU
		{4FE3A7C6-C39D-4A54-9CCB-BFECC41EA301}.Debug|Any CPU.ActiveCfg = Debug|Any CPU
		{4FE3A7C6-C39D-4A54-9CCB-BFECC41EA301}.Debug|Any CPU.Build.0 = Debug|Any CPU
		{4FE3A7C6-C39D-4A54-9CCB-BFECC41EA301}.Release|Any CPU.ActiveCfg = Release|Any CPU
		{4FE3A7C6-C39D-4A54-9CCB-BFECC41EA301}.Release|Any CPU.Build.0 = Release|Any CPU
		{13AB0850-FFED-434E-894E-9B5AB18C07A2}.Debug|Any CPU.ActiveCfg = Debug|Any CPU
		{13AB0850-FFED-434E-894E-9B5AB18C07A2}.Debug|Any CPU.Build.0 = Debug|Any CPU
		{13AB0850-FFED-434E-894E-9B5AB18C07A2}.Release|Any CPU.ActiveCfg = Release|Any CPU
		{13AB0850-FFED-434E-894E-9B5AB18C07A2}.Release|Any CPU.Build.0 = Release|Any CPU
		{5A4FB1D9-0905-4C5B-861B-6264C8E67F9E}.Debug|Any CPU.ActiveCfg = Debug|Any CPU
		{5A4FB1D9-0905-4C5B-861B-6264C8E67F9E}.Debug|Any CPU.Build.0 = Debug|Any CPU
		{5A4FB1D9-0905-4C5B-861B-6264C8E67F9E}.Release|Any CPU.ActiveCfg = Release|Any CPU
		{5A4FB1D9-0905-4C5B-861B-6264C8E67F9E}.Release|Any CPU.Build.0 = Release|Any CPU
		{61D015D8-008F-4508-8263-6C7FC32F1338}.Debug|Any CPU.ActiveCfg = Debug|Any CPU
		{61D015D8-008F-4508-8263-6C7FC32F1338}.Debug|Any CPU.Build.0 = Debug|Any CPU
		{61D015D8-008F-4508-8263-6C7FC32F1338}.Release|Any CPU.ActiveCfg = Release|Any CPU
		{61D015D8-008F-4508-8263-6C7FC32F1338}.Release|Any CPU.Build.0 = Release|Any CPU
	EndGlobalSection
	GlobalSection(SolutionProperties) = preSolution
		HideSolutionNode = FALSE
	EndGlobalSection
	GlobalSection(ExtensibilityGlobals) = postSolution
		SolutionGuid = {798E6E6F-903D-4674-8107-EF9540594E7D}
	EndGlobalSection
EndGlobal
